// !$*UTF8*$!
{
	archiveVersion = 1;
	classes = {
	};
	objectVersion = 46;
	objects = {

/* Begin PBXBuildFile section */
		03E8A055E3792849A6989982 /* Pods_MVVM.framework in Frameworks */ = {isa = PBXBuildFile; fileRef = 453F8AC48A6303957F6D7081 /* Pods_MVVM.framework */; };
		232CEE6353845534BAF0BCE6 /* Pods_MVVMUITests.framework in Frameworks */ = {isa = PBXBuildFile; fileRef = 7514637B825EF943AFC85567 /* Pods_MVVMUITests.framework */; };
		491B10151F7570F900E6683D /* Segues.swift in Sources */ = {isa = PBXBuildFile; fileRef = 491B10141F7570F900E6683D /* Segues.swift */; };
		494A03531F53F6C90017D912 /* PostsViewModel.swift in Sources */ = {isa = PBXBuildFile; fileRef = 494A03521F53F6C90017D912 /* PostsViewModel.swift */; };
		494A03551F5408D00017D912 /* PostsStore.swift in Sources */ = {isa = PBXBuildFile; fileRef = 494A03541F5408D00017D912 /* PostsStore.swift */; };
		49535C291F51938F007A8356 /* AppDelegate.swift in Sources */ = {isa = PBXBuildFile; fileRef = 49535C281F51938F007A8356 /* AppDelegate.swift */; };
		49535C2B1F51938F007A8356 /* PostsViewController.swift in Sources */ = {isa = PBXBuildFile; fileRef = 49535C2A1F51938F007A8356 /* PostsViewController.swift */; };
		49535C2E1F51938F007A8356 /* PostsList.storyboard in Resources */ = {isa = PBXBuildFile; fileRef = 49535C2C1F51938F007A8356 /* PostsList.storyboard */; };
		49535C301F51938F007A8356 /* Assets.xcassets in Resources */ = {isa = PBXBuildFile; fileRef = 49535C2F1F51938F007A8356 /* Assets.xcassets */; };
		49535C331F51938F007A8356 /* LaunchScreen.storyboard in Resources */ = {isa = PBXBuildFile; fileRef = 49535C311F51938F007A8356 /* LaunchScreen.storyboard */; };
		49535C3E1F519390007A8356 /* MVVMTests.swift in Sources */ = {isa = PBXBuildFile; fileRef = 49535C3D1F519390007A8356 /* MVVMTests.swift */; };
		49535C491F519390007A8356 /* MVVMUITests.swift in Sources */ = {isa = PBXBuildFile; fileRef = 49535C481F519390007A8356 /* MVVMUITests.swift */; };
		4962E1511F535FD50006F165 /* PostDetailsViewController.swift in Sources */ = {isa = PBXBuildFile; fileRef = 4962E1501F535FD50006F165 /* PostDetailsViewController.swift */; };
		4962E1561F5365750006F165 /* AlbumViewController.swift in Sources */ = {isa = PBXBuildFile; fileRef = 4962E1551F5365750006F165 /* AlbumViewController.swift */; };
		4962E1581F53661A0006F165 /* PostCell.swift in Sources */ = {isa = PBXBuildFile; fileRef = 4962E1571F53661A0006F165 /* PostCell.swift */; };
		4962E15A1F536D9D0006F165 /* User.swift in Sources */ = {isa = PBXBuildFile; fileRef = 4962E1591F536D9D0006F165 /* User.swift */; };
		4962E15C1F536F010006F165 /* Post.swift in Sources */ = {isa = PBXBuildFile; fileRef = 4962E15B1F536F010006F165 /* Post.swift */; };
		4962E15E1F53719C0006F165 /* Comment.swift in Sources */ = {isa = PBXBuildFile; fileRef = 4962E15D1F53719C0006F165 /* Comment.swift */; };
		49687AB21F781027008285F9 /* PostDetail.storyboard in Resources */ = {isa = PBXBuildFile; fileRef = 49687AB11F781027008285F9 /* PostDetail.storyboard */; };
		49687AB41F7813FF008285F9 /* PostDetailCell.swift in Sources */ = {isa = PBXBuildFile; fileRef = 49687AB31F7813FF008285F9 /* PostDetailCell.swift */; };
		49687AB91F7816EE008285F9 /* PostDetailViewModel.swift in Sources */ = {isa = PBXBuildFile; fileRef = 49687AB81F7816EE008285F9 /* PostDetailViewModel.swift */; };
		49687ABB1F781AC0008285F9 /* Optional.swift in Sources */ = {isa = PBXBuildFile; fileRef = 49687ABA1F781AC0008285F9 /* Optional.swift */; };
		6475A5E80F426F09441C7EE5 /* Pods_MVVMTests.framework in Frameworks */ = {isa = PBXBuildFile; fileRef = 3867A877A2A3BEF6E0E6F12D /* Pods_MVVMTests.framework */; };
/* End PBXBuildFile section */

/* Begin PBXContainerItemProxy section */
		49535C3A1F519390007A8356 /* PBXContainerItemProxy */ = {
			isa = PBXContainerItemProxy;
			containerPortal = 49535C1D1F51938F007A8356 /* Project object */;
			proxyType = 1;
			remoteGlobalIDString = 49535C241F51938F007A8356;
			remoteInfo = MVVM;
		};
		49535C451F519390007A8356 /* PBXContainerItemProxy */ = {
			isa = PBXContainerItemProxy;
			containerPortal = 49535C1D1F51938F007A8356 /* Project object */;
			proxyType = 1;
			remoteGlobalIDString = 49535C241F51938F007A8356;
			remoteInfo = MVVM;
		};
/* End PBXContainerItemProxy section */

/* Begin PBXFileReference section */
		3867A877A2A3BEF6E0E6F12D /* Pods_MVVMTests.framework */ = {isa = PBXFileReference; explicitFileType = wrapper.framework; includeInIndex = 0; path = Pods_MVVMTests.framework; sourceTree = BUILT_PRODUCTS_DIR; };
		44053F02664DFD47EAECD695 /* Pods-MVVMUITests.debug.xcconfig */ = {isa = PBXFileReference; includeInIndex = 1; lastKnownFileType = text.xcconfig; name = "Pods-MVVMUITests.debug.xcconfig"; path = "Pods/Target Support Files/Pods-MVVMUITests/Pods-MVVMUITests.debug.xcconfig"; sourceTree = "<group>"; };
		453F8AC48A6303957F6D7081 /* Pods_MVVM.framework */ = {isa = PBXFileReference; explicitFileType = wrapper.framework; includeInIndex = 0; path = Pods_MVVM.framework; sourceTree = BUILT_PRODUCTS_DIR; };
		491B10141F7570F900E6683D /* Segues.swift */ = {isa = PBXFileReference; lastKnownFileType = sourcecode.swift; path = Segues.swift; sourceTree = "<group>"; };
		494A03521F53F6C90017D912 /* PostsViewModel.swift */ = {isa = PBXFileReference; fileEncoding = 4; lastKnownFileType = sourcecode.swift; path = PostsViewModel.swift; sourceTree = "<group>"; };
		494A03541F5408D00017D912 /* PostsStore.swift */ = {isa = PBXFileReference; fileEncoding = 4; lastKnownFileType = sourcecode.swift; path = PostsStore.swift; sourceTree = "<group>"; };
		49535C251F51938F007A8356 /* MVVM.app */ = {isa = PBXFileReference; explicitFileType = wrapper.application; includeInIndex = 0; path = MVVM.app; sourceTree = BUILT_PRODUCTS_DIR; };
		49535C281F51938F007A8356 /* AppDelegate.swift */ = {isa = PBXFileReference; lastKnownFileType = sourcecode.swift; path = AppDelegate.swift; sourceTree = "<group>"; };
		49535C2A1F51938F007A8356 /* PostsViewController.swift */ = {isa = PBXFileReference; lastKnownFileType = sourcecode.swift; path = PostsViewController.swift; sourceTree = "<group>"; };
		49535C2D1F51938F007A8356 /* Base */ = {isa = PBXFileReference; lastKnownFileType = file.storyboard; name = Base; path = Base.lproj/PostsList.storyboard; sourceTree = "<group>"; };
		49535C2F1F51938F007A8356 /* Assets.xcassets */ = {isa = PBXFileReference; lastKnownFileType = folder.assetcatalog; path = Assets.xcassets; sourceTree = "<group>"; };
		49535C321F51938F007A8356 /* Base */ = {isa = PBXFileReference; lastKnownFileType = file.storyboard; name = Base; path = Base.lproj/LaunchScreen.storyboard; sourceTree = "<group>"; };
		49535C341F519390007A8356 /* Info.plist */ = {isa = PBXFileReference; lastKnownFileType = text.plist.xml; path = Info.plist; sourceTree = "<group>"; };
		49535C391F519390007A8356 /* MVVMTests.xctest */ = {isa = PBXFileReference; explicitFileType = wrapper.cfbundle; includeInIndex = 0; path = MVVMTests.xctest; sourceTree = BUILT_PRODUCTS_DIR; };
		49535C3D1F519390007A8356 /* MVVMTests.swift */ = {isa = PBXFileReference; lastKnownFileType = sourcecode.swift; path = MVVMTests.swift; sourceTree = "<group>"; };
		49535C3F1F519390007A8356 /* Info.plist */ = {isa = PBXFileReference; lastKnownFileType = text.plist.xml; path = Info.plist; sourceTree = "<group>"; };
		49535C441F519390007A8356 /* MVVMUITests.xctest */ = {isa = PBXFileReference; explicitFileType = wrapper.cfbundle; includeInIndex = 0; path = MVVMUITests.xctest; sourceTree = BUILT_PRODUCTS_DIR; };
		49535C481F519390007A8356 /* MVVMUITests.swift */ = {isa = PBXFileReference; lastKnownFileType = sourcecode.swift; path = MVVMUITests.swift; sourceTree = "<group>"; };
		49535C4A1F519390007A8356 /* Info.plist */ = {isa = PBXFileReference; lastKnownFileType = text.plist.xml; path = Info.plist; sourceTree = "<group>"; };
		4962E1501F535FD50006F165 /* PostDetailsViewController.swift */ = {isa = PBXFileReference; fileEncoding = 4; lastKnownFileType = sourcecode.swift; path = PostDetailsViewController.swift; sourceTree = "<group>"; };
		4962E1551F5365750006F165 /* AlbumViewController.swift */ = {isa = PBXFileReference; fileEncoding = 4; lastKnownFileType = sourcecode.swift; path = AlbumViewController.swift; sourceTree = "<group>"; };
		4962E1571F53661A0006F165 /* PostCell.swift */ = {isa = PBXFileReference; fileEncoding = 4; lastKnownFileType = sourcecode.swift; path = PostCell.swift; sourceTree = "<group>"; };
		4962E1591F536D9D0006F165 /* User.swift */ = {isa = PBXFileReference; fileEncoding = 4; lastKnownFileType = sourcecode.swift; path = User.swift; sourceTree = "<group>"; };
		4962E15B1F536F010006F165 /* Post.swift */ = {isa = PBXFileReference; fileEncoding = 4; lastKnownFileType = sourcecode.swift; path = Post.swift; sourceTree = "<group>"; };
		4962E15D1F53719C0006F165 /* Comment.swift */ = {isa = PBXFileReference; fileEncoding = 4; lastKnownFileType = sourcecode.swift; path = Comment.swift; sourceTree = "<group>"; };
		49687AB11F781027008285F9 /* PostDetail.storyboard */ = {isa = PBXFileReference; lastKnownFileType = file.storyboard; path = PostDetail.storyboard; sourceTree = "<group>"; };
		49687AB31F7813FF008285F9 /* PostDetailCell.swift */ = {isa = PBXFileReference; lastKnownFileType = sourcecode.swift; path = PostDetailCell.swift; sourceTree = "<group>"; };
		49687AB81F7816EE008285F9 /* PostDetailViewModel.swift */ = {isa = PBXFileReference; lastKnownFileType = sourcecode.swift; path = PostDetailViewModel.swift; sourceTree = "<group>"; };
		49687ABA1F781AC0008285F9 /* Optional.swift */ = {isa = PBXFileReference; lastKnownFileType = sourcecode.swift; path = Optional.swift; sourceTree = "<group>"; };
		4F5613B3EC096694A4A97B76 /* Pods-MVVM.release.xcconfig */ = {isa = PBXFileReference; includeInIndex = 1; lastKnownFileType = text.xcconfig; name = "Pods-MVVM.release.xcconfig"; path = "Pods/Target Support Files/Pods-MVVM/Pods-MVVM.release.xcconfig"; sourceTree = "<group>"; };
		691378AD24CFCD74FECCAAF0 /* Pods-MVVMTests.release.xcconfig */ = {isa = PBXFileReference; includeInIndex = 1; lastKnownFileType = text.xcconfig; name = "Pods-MVVMTests.release.xcconfig"; path = "Pods/Target Support Files/Pods-MVVMTests/Pods-MVVMTests.release.xcconfig"; sourceTree = "<group>"; };
		7514637B825EF943AFC85567 /* Pods_MVVMUITests.framework */ = {isa = PBXFileReference; explicitFileType = wrapper.framework; includeInIndex = 0; path = Pods_MVVMUITests.framework; sourceTree = BUILT_PRODUCTS_DIR; };
		986821CDC275D311586A01BA /* Pods-MVVMUITests.release.xcconfig */ = {isa = PBXFileReference; includeInIndex = 1; lastKnownFileType = text.xcconfig; name = "Pods-MVVMUITests.release.xcconfig"; path = "Pods/Target Support Files/Pods-MVVMUITests/Pods-MVVMUITests.release.xcconfig"; sourceTree = "<group>"; };
		C229FFCA43211DAC957867DD /* Pods-MVVM.debug.xcconfig */ = {isa = PBXFileReference; includeInIndex = 1; lastKnownFileType = text.xcconfig; name = "Pods-MVVM.debug.xcconfig"; path = "Pods/Target Support Files/Pods-MVVM/Pods-MVVM.debug.xcconfig"; sourceTree = "<group>"; };
		D68E406E9AD4CDECCE1F3F31 /* Pods-MVVMTests.debug.xcconfig */ = {isa = PBXFileReference; includeInIndex = 1; lastKnownFileType = text.xcconfig; name = "Pods-MVVMTests.debug.xcconfig"; path = "Pods/Target Support Files/Pods-MVVMTests/Pods-MVVMTests.debug.xcconfig"; sourceTree = "<group>"; };
/* End PBXFileReference section */

/* Begin PBXFrameworksBuildPhase section */
		49535C221F51938F007A8356 /* Frameworks */ = {
			isa = PBXFrameworksBuildPhase;
			buildActionMask = 2147483647;
			files = (
				03E8A055E3792849A6989982 /* Pods_MVVM.framework in Frameworks */,
			);
			runOnlyForDeploymentPostprocessing = 0;
		};
		49535C361F519390007A8356 /* Frameworks */ = {
			isa = PBXFrameworksBuildPhase;
			buildActionMask = 2147483647;
			files = (
				6475A5E80F426F09441C7EE5 /* Pods_MVVMTests.framework in Frameworks */,
			);
			runOnlyForDeploymentPostprocessing = 0;
		};
		49535C411F519390007A8356 /* Frameworks */ = {
			isa = PBXFrameworksBuildPhase;
			buildActionMask = 2147483647;
			files = (
				232CEE6353845534BAF0BCE6 /* Pods_MVVMUITests.framework in Frameworks */,
			);
			runOnlyForDeploymentPostprocessing = 0;
		};
/* End PBXFrameworksBuildPhase section */

/* Begin PBXGroup section */
		36DFB093926E7E9A0A5C114A /* Frameworks */ = {
			isa = PBXGroup;
			children = (
				453F8AC48A6303957F6D7081 /* Pods_MVVM.framework */,
				3867A877A2A3BEF6E0E6F12D /* Pods_MVVMTests.framework */,
				7514637B825EF943AFC85567 /* Pods_MVVMUITests.framework */,
			);
			name = Frameworks;
			sourceTree = "<group>";
		};
		490EF89D1F52BC0B00423503 /* Stores */ = {
			isa = PBXGroup;
			children = (
				494A03541F5408D00017D912 /* PostsStore.swift */,
			);
			name = Stores;
			sourceTree = "<group>";
		};
		494A03511F53F5F40017D912 /* Helpers */ = {
			isa = PBXGroup;
			children = (
				49687AB51F781458008285F9 /* Extensions */,
				491B10141F7570F900E6683D /* Segues.swift */,
			);
			name = Helpers;
			sourceTree = "<group>";
		};
		49535C1C1F51938F007A8356 = {
			isa = PBXGroup;
			children = (
				49535C271F51938F007A8356 /* MVVM */,
				49535C3C1F519390007A8356 /* MVVMTests */,
				49535C471F519390007A8356 /* MVVMUITests */,
				49535C261F51938F007A8356 /* Products */,
				B7337D225BE346DBE6CBF40B /* Pods */,
				36DFB093926E7E9A0A5C114A /* Frameworks */,
			);
			sourceTree = "<group>";
		};
		49535C261F51938F007A8356 /* Products */ = {
			isa = PBXGroup;
			children = (
				49535C251F51938F007A8356 /* MVVM.app */,
				49535C391F519390007A8356 /* MVVMTests.xctest */,
				49535C441F519390007A8356 /* MVVMUITests.xctest */,
			);
			name = Products;
			sourceTree = "<group>";
		};
		49535C271F51938F007A8356 /* MVVM */ = {
			isa = PBXGroup;
			children = (
				49535C281F51938F007A8356 /* AppDelegate.swift */,
				49535C311F51938F007A8356 /* LaunchScreen.storyboard */,
				49535C2F1F51938F007A8356 /* Assets.xcassets */,
				49535C561F51AC56007A8356 /* View Controllers */,
				49535C571F51AC8E007A8356 /* Models */,
				490EF89D1F52BC0B00423503 /* Stores */,
				494A03511F53F5F40017D912 /* Helpers */,
				49535C581F51AC97007A8356 /* Supporting files */,
			);
			path = MVVM;
			sourceTree = "<group>";
		};
		49535C3C1F519390007A8356 /* MVVMTests */ = {
			isa = PBXGroup;
			children = (
				49535C3D1F519390007A8356 /* MVVMTests.swift */,
				49535C3F1F519390007A8356 /* Info.plist */,
			);
			path = MVVMTests;
			sourceTree = "<group>";
		};
		49535C471F519390007A8356 /* MVVMUITests */ = {
			isa = PBXGroup;
			children = (
				49535C481F519390007A8356 /* MVVMUITests.swift */,
				49535C4A1F519390007A8356 /* Info.plist */,
			);
			path = MVVMUITests;
			sourceTree = "<group>";
		};
		49535C561F51AC56007A8356 /* View Controllers */ = {
			isa = PBXGroup;
			children = (
				4962E1521F535FE20006F165 /* Posts */,
				4962E1531F5364AE0006F165 /* Post details */,
				4962E1541F5364CB0006F165 /* Album */,
			);
			name = "View Controllers";
			sourceTree = "<group>";
		};
		49535C571F51AC8E007A8356 /* Models */ = {
			isa = PBXGroup;
			children = (
				4962E1591F536D9D0006F165 /* User.swift */,
				4962E15B1F536F010006F165 /* Post.swift */,
				4962E15D1F53719C0006F165 /* Comment.swift */,
			);
			name = Models;
			sourceTree = "<group>";
		};
		49535C581F51AC97007A8356 /* Supporting files */ = {
			isa = PBXGroup;
			children = (
				49535C341F519390007A8356 /* Info.plist */,
			);
			name = "Supporting files";
			sourceTree = "<group>";
		};
		4962E1521F535FE20006F165 /* Posts */ = {
			isa = PBXGroup;
			children = (
				49535C2C1F51938F007A8356 /* PostsList.storyboard */,
				49535C2A1F51938F007A8356 /* PostsViewController.swift */,
				494A03521F53F6C90017D912 /* PostsViewModel.swift */,
				4962E1571F53661A0006F165 /* PostCell.swift */,
			);
			name = Posts;
			sourceTree = "<group>";
		};
		4962E1531F5364AE0006F165 /* Post details */ = {
			isa = PBXGroup;
			children = (
				49687AB11F781027008285F9 /* PostDetail.storyboard */,
				4962E1501F535FD50006F165 /* PostDetailsViewController.swift */,
				49687ABC1F782DD0008285F9 /* Table cells */,
				49687AB81F7816EE008285F9 /* PostDetailViewModel.swift */,
			);
			name = "Post details";
			sourceTree = "<group>";
		};
		4962E1541F5364CB0006F165 /* Album */ = {
			isa = PBXGroup;
			children = (
				4962E1551F5365750006F165 /* AlbumViewController.swift */,
			);
			name = Album;
			sourceTree = "<group>";
		};
		49687AB51F781458008285F9 /* Extensions */ = {
			isa = PBXGroup;
			children = (
				49687ABA1F781AC0008285F9 /* Optional.swift */,
			);
			name = Extensions;
			sourceTree = "<group>";
		};
		49687ABC1F782DD0008285F9 /* Table cells */ = {
			isa = PBXGroup;
			children = (
				49687AB31F7813FF008285F9 /* PostDetailCell.swift */,
			);
			name = "Table cells";
			sourceTree = "<group>";
		};
		B7337D225BE346DBE6CBF40B /* Pods */ = {
			isa = PBXGroup;
			children = (
				C229FFCA43211DAC957867DD /* Pods-MVVM.debug.xcconfig */,
				4F5613B3EC096694A4A97B76 /* Pods-MVVM.release.xcconfig */,
				D68E406E9AD4CDECCE1F3F31 /* Pods-MVVMTests.debug.xcconfig */,
				691378AD24CFCD74FECCAAF0 /* Pods-MVVMTests.release.xcconfig */,
				44053F02664DFD47EAECD695 /* Pods-MVVMUITests.debug.xcconfig */,
				986821CDC275D311586A01BA /* Pods-MVVMUITests.release.xcconfig */,
			);
			name = Pods;
			sourceTree = "<group>";
		};
/* End PBXGroup section */

/* Begin PBXNativeTarget section */
		49535C241F51938F007A8356 /* MVVM */ = {
			isa = PBXNativeTarget;
			buildConfigurationList = 49535C4D1F519390007A8356 /* Build configuration list for PBXNativeTarget "MVVM" */;
			buildPhases = (
				42FC9A8B9D15F93A4E57CD1F /* [CP] Check Pods Manifest.lock */,
				49535C211F51938F007A8356 /* Sources */,
				49535C221F51938F007A8356 /* Frameworks */,
				49535C231F51938F007A8356 /* Resources */,
				E2BC89AC471E774F844E74D3 /* [CP] Embed Pods Frameworks */,
				7F7731A6C486F4EE80AC5447 /* [CP] Copy Pods Resources */,
			);
			buildRules = (
			);
			dependencies = (
			);
			name = MVVM;
			productName = MVVM;
			productReference = 49535C251F51938F007A8356 /* MVVM.app */;
			productType = "com.apple.product-type.application";
		};
		49535C381F519390007A8356 /* MVVMTests */ = {
			isa = PBXNativeTarget;
			buildConfigurationList = 49535C501F519390007A8356 /* Build configuration list for PBXNativeTarget "MVVMTests" */;
			buildPhases = (
				AE8319817775F9E9A1E227E7 /* [CP] Check Pods Manifest.lock */,
				49535C351F519390007A8356 /* Sources */,
				49535C361F519390007A8356 /* Frameworks */,
				49535C371F519390007A8356 /* Resources */,
				0828479BBBBAA08526B1853C /* [CP] Embed Pods Frameworks */,
				AA1F30E99EE67503B8D355AB /* [CP] Copy Pods Resources */,
			);
			buildRules = (
			);
			dependencies = (
				49535C3B1F519390007A8356 /* PBXTargetDependency */,
			);
			name = MVVMTests;
			productName = MVVMTests;
			productReference = 49535C391F519390007A8356 /* MVVMTests.xctest */;
			productType = "com.apple.product-type.bundle.unit-test";
		};
		49535C431F519390007A8356 /* MVVMUITests */ = {
			isa = PBXNativeTarget;
			buildConfigurationList = 49535C531F519390007A8356 /* Build configuration list for PBXNativeTarget "MVVMUITests" */;
			buildPhases = (
				75F3B697F19CA01C8E413D32 /* [CP] Check Pods Manifest.lock */,
				49535C401F519390007A8356 /* Sources */,
				49535C411F519390007A8356 /* Frameworks */,
				49535C421F519390007A8356 /* Resources */,
				AD42DE908B4C9EE8D3145DD7 /* [CP] Embed Pods Frameworks */,
				B440A0635E178976738526CD /* [CP] Copy Pods Resources */,
			);
			buildRules = (
			);
			dependencies = (
				49535C461F519390007A8356 /* PBXTargetDependency */,
			);
			name = MVVMUITests;
			productName = MVVMUITests;
			productReference = 49535C441F519390007A8356 /* MVVMUITests.xctest */;
			productType = "com.apple.product-type.bundle.ui-testing";
		};
/* End PBXNativeTarget section */

/* Begin PBXProject section */
		49535C1D1F51938F007A8356 /* Project object */ = {
			isa = PBXProject;
			attributes = {
				LastSwiftUpdateCheck = 0830;
				LastUpgradeCheck = 0830;
				ORGANIZATIONNAME = Mattia;
				TargetAttributes = {
					49535C241F51938F007A8356 = {
						CreatedOnToolsVersion = 8.3.3;
						LastSwiftMigration = 0900;
						ProvisioningStyle = Automatic;
					};
					49535C381F519390007A8356 = {
						CreatedOnToolsVersion = 8.3.3;
						LastSwiftMigration = 0900;
						ProvisioningStyle = Automatic;
						TestTargetID = 49535C241F51938F007A8356;
					};
					49535C431F519390007A8356 = {
						CreatedOnToolsVersion = 8.3.3;
						LastSwiftMigration = 0900;
						ProvisioningStyle = Automatic;
						TestTargetID = 49535C241F51938F007A8356;
					};
				};
			};
			buildConfigurationList = 49535C201F51938F007A8356 /* Build configuration list for PBXProject "MVVM" */;
			compatibilityVersion = "Xcode 3.2";
			developmentRegion = English;
			hasScannedForEncodings = 0;
			knownRegions = (
				en,
				Base,
			);
			mainGroup = 49535C1C1F51938F007A8356;
			productRefGroup = 49535C261F51938F007A8356 /* Products */;
			projectDirPath = "";
			projectRoot = "";
			targets = (
				49535C241F51938F007A8356 /* MVVM */,
				49535C381F519390007A8356 /* MVVMTests */,
				49535C431F519390007A8356 /* MVVMUITests */,
			);
		};
/* End PBXProject section */

/* Begin PBXResourcesBuildPhase section */
		49535C231F51938F007A8356 /* Resources */ = {
			isa = PBXResourcesBuildPhase;
			buildActionMask = 2147483647;
			files = (
				49535C331F51938F007A8356 /* LaunchScreen.storyboard in Resources */,
				49687AB21F781027008285F9 /* PostDetail.storyboard in Resources */,
				49535C301F51938F007A8356 /* Assets.xcassets in Resources */,
				49535C2E1F51938F007A8356 /* PostsList.storyboard in Resources */,
			);
			runOnlyForDeploymentPostprocessing = 0;
		};
		49535C371F519390007A8356 /* Resources */ = {
			isa = PBXResourcesBuildPhase;
			buildActionMask = 2147483647;
			files = (
			);
			runOnlyForDeploymentPostprocessing = 0;
		};
		49535C421F519390007A8356 /* Resources */ = {
			isa = PBXResourcesBuildPhase;
			buildActionMask = 2147483647;
			files = (
			);
			runOnlyForDeploymentPostprocessing = 0;
		};
/* End PBXResourcesBuildPhase section */

/* Begin PBXShellScriptBuildPhase section */
		0828479BBBBAA08526B1853C /* [CP] Embed Pods Frameworks */ = {
			isa = PBXShellScriptBuildPhase;
			buildActionMask = 2147483647;
			files = (
			);
			inputPaths = (
			);
			name = "[CP] Embed Pods Frameworks";
			outputPaths = (
			);
			runOnlyForDeploymentPostprocessing = 0;
			shellPath = /bin/sh;
			shellScript = "\"${SRCROOT}/Pods/Target Support Files/Pods-MVVMTests/Pods-MVVMTests-frameworks.sh\"\n";
			showEnvVarsInLog = 0;
		};
		42FC9A8B9D15F93A4E57CD1F /* [CP] Check Pods Manifest.lock */ = {
			isa = PBXShellScriptBuildPhase;
			buildActionMask = 2147483647;
			files = (
			);
			inputPaths = (
				"${PODS_PODFILE_DIR_PATH}/Podfile.lock",
				"${PODS_ROOT}/Manifest.lock",
			);
			name = "[CP] Check Pods Manifest.lock";
			outputPaths = (
				"$(DERIVED_FILE_DIR)/Pods-MVVM-checkManifestLockResult.txt",
			);
			runOnlyForDeploymentPostprocessing = 0;
			shellPath = /bin/sh;
			shellScript = "diff \"${PODS_PODFILE_DIR_PATH}/Podfile.lock\" \"${PODS_ROOT}/Manifest.lock\" > /dev/null\nif [ $? != 0 ] ; then\n    # print error to STDERR\n    echo \"error: The sandbox is not in sync with the Podfile.lock. Run 'pod install' or update your CocoaPods installation.\" >&2\n    exit 1\nfi\n# This output is used by Xcode 'outputs' to avoid re-running this script phase.\necho \"SUCCESS\" > \"${SCRIPT_OUTPUT_FILE_0}\"\n";
			showEnvVarsInLog = 0;
		};
		75F3B697F19CA01C8E413D32 /* [CP] Check Pods Manifest.lock */ = {
			isa = PBXShellScriptBuildPhase;
			buildActionMask = 2147483647;
			files = (
			);
			inputPaths = (
				"${PODS_PODFILE_DIR_PATH}/Podfile.lock",
				"${PODS_ROOT}/Manifest.lock",
			);
			name = "[CP] Check Pods Manifest.lock";
			outputPaths = (
				"$(DERIVED_FILE_DIR)/Pods-MVVMUITests-checkManifestLockResult.txt",
			);
			runOnlyForDeploymentPostprocessing = 0;
			shellPath = /bin/sh;
			shellScript = "diff \"${PODS_PODFILE_DIR_PATH}/Podfile.lock\" \"${PODS_ROOT}/Manifest.lock\" > /dev/null\nif [ $? != 0 ] ; then\n    # print error to STDERR\n    echo \"error: The sandbox is not in sync with the Podfile.lock. Run 'pod install' or update your CocoaPods installation.\" >&2\n    exit 1\nfi\n# This output is used by Xcode 'outputs' to avoid re-running this script phase.\necho \"SUCCESS\" > \"${SCRIPT_OUTPUT_FILE_0}\"\n";
			showEnvVarsInLog = 0;
		};
		7F7731A6C486F4EE80AC5447 /* [CP] Copy Pods Resources */ = {
			isa = PBXShellScriptBuildPhase;
			buildActionMask = 2147483647;
			files = (
			);
			inputPaths = (
			);
			name = "[CP] Copy Pods Resources";
			outputPaths = (
			);
			runOnlyForDeploymentPostprocessing = 0;
			shellPath = /bin/sh;
			shellScript = "\"${SRCROOT}/Pods/Target Support Files/Pods-MVVM/Pods-MVVM-resources.sh\"\n";
			showEnvVarsInLog = 0;
		};
		AA1F30E99EE67503B8D355AB /* [CP] Copy Pods Resources */ = {
			isa = PBXShellScriptBuildPhase;
			buildActionMask = 2147483647;
			files = (
			);
			inputPaths = (
			);
			name = "[CP] Copy Pods Resources";
			outputPaths = (
			);
			runOnlyForDeploymentPostprocessing = 0;
			shellPath = /bin/sh;
			shellScript = "\"${SRCROOT}/Pods/Target Support Files/Pods-MVVMTests/Pods-MVVMTests-resources.sh\"\n";
			showEnvVarsInLog = 0;
		};
		AD42DE908B4C9EE8D3145DD7 /* [CP] Embed Pods Frameworks */ = {
			isa = PBXShellScriptBuildPhase;
			buildActionMask = 2147483647;
			files = (
			);
			inputPaths = (
			);
			name = "[CP] Embed Pods Frameworks";
			outputPaths = (
			);
			runOnlyForDeploymentPostprocessing = 0;
			shellPath = /bin/sh;
			shellScript = "\"${SRCROOT}/Pods/Target Support Files/Pods-MVVMUITests/Pods-MVVMUITests-frameworks.sh\"\n";
			showEnvVarsInLog = 0;
		};
		AE8319817775F9E9A1E227E7 /* [CP] Check Pods Manifest.lock */ = {
			isa = PBXShellScriptBuildPhase;
			buildActionMask = 2147483647;
			files = (
			);
			inputPaths = (
				"${PODS_PODFILE_DIR_PATH}/Podfile.lock",
				"${PODS_ROOT}/Manifest.lock",
			);
			name = "[CP] Check Pods Manifest.lock";
			outputPaths = (
				"$(DERIVED_FILE_DIR)/Pods-MVVMTests-checkManifestLockResult.txt",
			);
			runOnlyForDeploymentPostprocessing = 0;
			shellPath = /bin/sh;
			shellScript = "diff \"${PODS_PODFILE_DIR_PATH}/Podfile.lock\" \"${PODS_ROOT}/Manifest.lock\" > /dev/null\nif [ $? != 0 ] ; then\n    # print error to STDERR\n    echo \"error: The sandbox is not in sync with the Podfile.lock. Run 'pod install' or update your CocoaPods installation.\" >&2\n    exit 1\nfi\n# This output is used by Xcode 'outputs' to avoid re-running this script phase.\necho \"SUCCESS\" > \"${SCRIPT_OUTPUT_FILE_0}\"\n";
			showEnvVarsInLog = 0;
		};
		B440A0635E178976738526CD /* [CP] Copy Pods Resources */ = {
			isa = PBXShellScriptBuildPhase;
			buildActionMask = 2147483647;
			files = (
			);
			inputPaths = (
			);
			name = "[CP] Copy Pods Resources";
			outputPaths = (
			);
			runOnlyForDeploymentPostprocessing = 0;
			shellPath = /bin/sh;
			shellScript = "\"${SRCROOT}/Pods/Target Support Files/Pods-MVVMUITests/Pods-MVVMUITests-resources.sh\"\n";
			showEnvVarsInLog = 0;
		};
		E2BC89AC471E774F844E74D3 /* [CP] Embed Pods Frameworks */ = {
			isa = PBXShellScriptBuildPhase;
			buildActionMask = 2147483647;
			files = (
			);
			inputPaths = (
				"${SRCROOT}/Pods/Target Support Files/Pods-MVVM/Pods-MVVM-frameworks.sh",
				"${BUILT_PRODUCTS_DIR}/Alamofire/Alamofire.framework",
				"${BUILT_PRODUCTS_DIR}/Differentiator/Differentiator.framework",
				"${BUILT_PRODUCTS_DIR}/Realm/Realm.framework",
				"${BUILT_PRODUCTS_DIR}/RealmSwift/RealmSwift.framework",
				"${BUILT_PRODUCTS_DIR}/RxCocoa/RxCocoa.framework",
				"${BUILT_PRODUCTS_DIR}/RxDataSources/RxDataSources.framework",
				"${BUILT_PRODUCTS_DIR}/RxSwift/RxSwift.framework",
			);
			name = "[CP] Embed Pods Frameworks";
			outputPaths = (
				"${TARGET_BUILD_DIR}/${FRAMEWORKS_FOLDER_PATH}/Alamofire.framework",
				"${TARGET_BUILD_DIR}/${FRAMEWORKS_FOLDER_PATH}/Differentiator.framework",
				"${TARGET_BUILD_DIR}/${FRAMEWORKS_FOLDER_PATH}/Realm.framework",
				"${TARGET_BUILD_DIR}/${FRAMEWORKS_FOLDER_PATH}/RealmSwift.framework",
				"${TARGET_BUILD_DIR}/${FRAMEWORKS_FOLDER_PATH}/RxCocoa.framework",
				"${TARGET_BUILD_DIR}/${FRAMEWORKS_FOLDER_PATH}/RxDataSources.framework",
				"${TARGET_BUILD_DIR}/${FRAMEWORKS_FOLDER_PATH}/RxSwift.framework",
			);
			runOnlyForDeploymentPostprocessing = 0;
			shellPath = /bin/sh;
			shellScript = "\"${SRCROOT}/Pods/Target Support Files/Pods-MVVM/Pods-MVVM-frameworks.sh\"\n";
			showEnvVarsInLog = 0;
		};
/* End PBXShellScriptBuildPhase section */

/* Begin PBXSourcesBuildPhase section */
		49535C211F51938F007A8356 /* Sources */ = {
			isa = PBXSourcesBuildPhase;
			buildActionMask = 2147483647;
			files = (
				4962E1561F5365750006F165 /* AlbumViewController.swift in Sources */,
				49535C2B1F51938F007A8356 /* PostsViewController.swift in Sources */,
				4962E15A1F536D9D0006F165 /* User.swift in Sources */,
				49687ABB1F781AC0008285F9 /* Optional.swift in Sources */,
				4962E15E1F53719C0006F165 /* Comment.swift in Sources */,
				49687AB91F7816EE008285F9 /* PostDetailViewModel.swift in Sources */,
				49687AB41F7813FF008285F9 /* PostDetailCell.swift in Sources */,
				4962E1511F535FD50006F165 /* PostDetailsViewController.swift in Sources */,
				494A03551F5408D00017D912 /* PostsStore.swift in Sources */,
				494A03531F53F6C90017D912 /* PostsViewModel.swift in Sources */,
				49535C291F51938F007A8356 /* AppDelegate.swift in Sources */,
				491B10151F7570F900E6683D /* Segues.swift in Sources */,
				4962E15C1F536F010006F165 /* Post.swift in Sources */,
				4962E1581F53661A0006F165 /* PostCell.swift in Sources */,
			);
			runOnlyForDeploymentPostprocessing = 0;
		};
		49535C351F519390007A8356 /* Sources */ = {
			isa = PBXSourcesBuildPhase;
			buildActionMask = 2147483647;
			files = (
				49535C3E1F519390007A8356 /* MVVMTests.swift in Sources */,
			);
			runOnlyForDeploymentPostprocessing = 0;
		};
		49535C401F519390007A8356 /* Sources */ = {
			isa = PBXSourcesBuildPhase;
			buildActionMask = 2147483647;
			files = (
				49535C491F519390007A8356 /* MVVMUITests.swift in Sources */,
			);
			runOnlyForDeploymentPostprocessing = 0;
		};
/* End PBXSourcesBuildPhase section */

/* Begin PBXTargetDependency section */
		49535C3B1F519390007A8356 /* PBXTargetDependency */ = {
			isa = PBXTargetDependency;
			target = 49535C241F51938F007A8356 /* MVVM */;
			targetProxy = 49535C3A1F519390007A8356 /* PBXContainerItemProxy */;
		};
		49535C461F519390007A8356 /* PBXTargetDependency */ = {
			isa = PBXTargetDependency;
			target = 49535C241F51938F007A8356 /* MVVM */;
			targetProxy = 49535C451F519390007A8356 /* PBXContainerItemProxy */;
		};
/* End PBXTargetDependency section */

/* Begin PBXVariantGroup section */
		49535C2C1F51938F007A8356 /* PostsList.storyboard */ = {
			isa = PBXVariantGroup;
			children = (
				49535C2D1F51938F007A8356 /* Base */,
			);
			name = PostsList.storyboard;
			sourceTree = "<group>";
		};
		49535C311F51938F007A8356 /* LaunchScreen.storyboard */ = {
			isa = PBXVariantGroup;
			children = (
				49535C321F51938F007A8356 /* Base */,
			);
			name = LaunchScreen.storyboard;
			sourceTree = "<group>";
		};
/* End PBXVariantGroup section */

/* Begin XCBuildConfiguration section */
		49535C4B1F519390007A8356 /* Debug */ = {
			isa = XCBuildConfiguration;
			buildSettings = {
				ALWAYS_SEARCH_USER_PATHS = NO;
				CLANG_ANALYZER_NONNULL = YES;
				CLANG_ANALYZER_NUMBER_OBJECT_CONVERSION = YES_AGGRESSIVE;
				CLANG_CXX_LANGUAGE_STANDARD = "gnu++0x";
				CLANG_CXX_LIBRARY = "libc++";
				CLANG_ENABLE_MODULES = YES;
				CLANG_ENABLE_OBJC_ARC = YES;
				CLANG_WARN_BOOL_CONVERSION = YES;
				CLANG_WARN_CONSTANT_CONVERSION = YES;
				CLANG_WARN_DIRECT_OBJC_ISA_USAGE = YES_ERROR;
				CLANG_WARN_DOCUMENTATION_COMMENTS = YES;
				CLANG_WARN_EMPTY_BODY = YES;
				CLANG_WARN_ENUM_CONVERSION = YES;
				CLANG_WARN_INFINITE_RECURSION = YES;
				CLANG_WARN_INT_CONVERSION = YES;
				CLANG_WARN_OBJC_ROOT_CLASS = YES_ERROR;
				CLANG_WARN_SUSPICIOUS_MOVE = YES;
				CLANG_WARN_UNREACHABLE_CODE = YES;
				CLANG_WARN__DUPLICATE_METHOD_MATCH = YES;
				"CODE_SIGN_IDENTITY[sdk=iphoneos*]" = "iPhone Developer";
				COPY_PHASE_STRIP = NO;
				DEBUG_INFORMATION_FORMAT = dwarf;
				ENABLE_STRICT_OBJC_MSGSEND = YES;
				ENABLE_TESTABILITY = YES;
				GCC_C_LANGUAGE_STANDARD = gnu99;
				GCC_DYNAMIC_NO_PIC = NO;
				GCC_NO_COMMON_BLOCKS = YES;
				GCC_OPTIMIZATION_LEVEL = 0;
				GCC_PREPROCESSOR_DEFINITIONS = (
					"DEBUG=1",
					"$(inherited)",
				);
				GCC_WARN_64_TO_32_BIT_CONVERSION = YES;
				GCC_WARN_ABOUT_RETURN_TYPE = YES_ERROR;
				GCC_WARN_UNDECLARED_SELECTOR = YES;
				GCC_WARN_UNINITIALIZED_AUTOS = YES_AGGRESSIVE;
				GCC_WARN_UNUSED_FUNCTION = YES;
				GCC_WARN_UNUSED_VARIABLE = YES;
				IPHONEOS_DEPLOYMENT_TARGET = 10.3;
				MTL_ENABLE_DEBUG_INFO = YES;
				ONLY_ACTIVE_ARCH = YES;
				SDKROOT = iphoneos;
				SWIFT_ACTIVE_COMPILATION_CONDITIONS = DEBUG;
				SWIFT_OPTIMIZATION_LEVEL = "-Onone";
			};
			name = Debug;
		};
		49535C4C1F519390007A8356 /* Release */ = {
			isa = XCBuildConfiguration;
			buildSettings = {
				ALWAYS_SEARCH_USER_PATHS = NO;
				CLANG_ANALYZER_NONNULL = YES;
				CLANG_ANALYZER_NUMBER_OBJECT_CONVERSION = YES_AGGRESSIVE;
				CLANG_CXX_LANGUAGE_STANDARD = "gnu++0x";
				CLANG_CXX_LIBRARY = "libc++";
				CLANG_ENABLE_MODULES = YES;
				CLANG_ENABLE_OBJC_ARC = YES;
				CLANG_WARN_BOOL_CONVERSION = YES;
				CLANG_WARN_CONSTANT_CONVERSION = YES;
				CLANG_WARN_DIRECT_OBJC_ISA_USAGE = YES_ERROR;
				CLANG_WARN_DOCUMENTATION_COMMENTS = YES;
				CLANG_WARN_EMPTY_BODY = YES;
				CLANG_WARN_ENUM_CONVERSION = YES;
				CLANG_WARN_INFINITE_RECURSION = YES;
				CLANG_WARN_INT_CONVERSION = YES;
				CLANG_WARN_OBJC_ROOT_CLASS = YES_ERROR;
				CLANG_WARN_SUSPICIOUS_MOVE = YES;
				CLANG_WARN_UNREACHABLE_CODE = YES;
				CLANG_WARN__DUPLICATE_METHOD_MATCH = YES;
				"CODE_SIGN_IDENTITY[sdk=iphoneos*]" = "iPhone Developer";
				COPY_PHASE_STRIP = NO;
				DEBUG_INFORMATION_FORMAT = "dwarf-with-dsym";
				ENABLE_NS_ASSERTIONS = NO;
				ENABLE_STRICT_OBJC_MSGSEND = YES;
				GCC_C_LANGUAGE_STANDARD = gnu99;
				GCC_NO_COMMON_BLOCKS = YES;
				GCC_WARN_64_TO_32_BIT_CONVERSION = YES;
				GCC_WARN_ABOUT_RETURN_TYPE = YES_ERROR;
				GCC_WARN_UNDECLARED_SELECTOR = YES;
				GCC_WARN_UNINITIALIZED_AUTOS = YES_AGGRESSIVE;
				GCC_WARN_UNUSED_FUNCTION = YES;
				GCC_WARN_UNUSED_VARIABLE = YES;
				IPHONEOS_DEPLOYMENT_TARGET = 10.3;
				MTL_ENABLE_DEBUG_INFO = NO;
				SDKROOT = iphoneos;
				SWIFT_OPTIMIZATION_LEVEL = "-Owholemodule";
				VALIDATE_PRODUCT = YES;
			};
			name = Release;
		};
		49535C4E1F519390007A8356 /* Debug */ = {
			isa = XCBuildConfiguration;
			baseConfigurationReference = C229FFCA43211DAC957867DD /* Pods-MVVM.debug.xcconfig */;
			buildSettings = {
				ASSETCATALOG_COMPILER_APPICON_NAME = AppIcon;
				INFOPLIST_FILE = MVVM/Info.plist;
				LD_RUNPATH_SEARCH_PATHS = "$(inherited) @executable_path/Frameworks";
				PRODUCT_BUNDLE_IDENTIFIER = co.mcmobile.MVVM;
				PRODUCT_NAME = "$(TARGET_NAME)";
				SWIFT_SWIFT3_OBJC_INFERENCE = On;
				SWIFT_VERSION = 4.0;
			};
			name = Debug;
		};
		49535C4F1F519390007A8356 /* Release */ = {
			isa = XCBuildConfiguration;
			baseConfigurationReference = 4F5613B3EC096694A4A97B76 /* Pods-MVVM.release.xcconfig */;
			buildSettings = {
				ASSETCATALOG_COMPILER_APPICON_NAME = AppIcon;
				INFOPLIST_FILE = MVVM/Info.plist;
				LD_RUNPATH_SEARCH_PATHS = "$(inherited) @executable_path/Frameworks";
				PRODUCT_BUNDLE_IDENTIFIER = co.mcmobile.MVVM;
				PRODUCT_NAME = "$(TARGET_NAME)";
				SWIFT_SWIFT3_OBJC_INFERENCE = On;
				SWIFT_VERSION = 4.0;
			};
			name = Release;
		};
		49535C511F519390007A8356 /* Debug */ = {
			isa = XCBuildConfiguration;
			baseConfigurationReference = D68E406E9AD4CDECCE1F3F31 /* Pods-MVVMTests.debug.xcconfig */;
			buildSettings = {
				ALWAYS_EMBED_SWIFT_STANDARD_LIBRARIES = YES;
				BUNDLE_LOADER = "$(TEST_HOST)";
				INFOPLIST_FILE = MVVMTests/Info.plist;
				LD_RUNPATH_SEARCH_PATHS = "$(inherited) @executable_path/Frameworks @loader_path/Frameworks";
				PRODUCT_BUNDLE_IDENTIFIER = co.mcmobile.MVVMTests;
				PRODUCT_NAME = "$(TARGET_NAME)";
				SWIFT_SWIFT3_OBJC_INFERENCE = On;
				SWIFT_VERSION = 4.0;
				TEST_HOST = "$(BUILT_PRODUCTS_DIR)/MVVM.app/MVVM";
			};
			name = Debug;
		};
		49535C521F519390007A8356 /* Release */ = {
			isa = XCBuildConfiguration;
			baseConfigurationReference = 691378AD24CFCD74FECCAAF0 /* Pods-MVVMTests.release.xcconfig */;
			buildSettings = {
				ALWAYS_EMBED_SWIFT_STANDARD_LIBRARIES = YES;
				BUNDLE_LOADER = "$(TEST_HOST)";
				INFOPLIST_FILE = MVVMTests/Info.plist;
				LD_RUNPATH_SEARCH_PATHS = "$(inherited) @executable_path/Frameworks @loader_path/Frameworks";
				PRODUCT_BUNDLE_IDENTIFIER = co.mcmobile.MVVMTests;
				PRODUCT_NAME = "$(TARGET_NAME)";
				SWIFT_SWIFT3_OBJC_INFERENCE = On;
				SWIFT_VERSION = 4.0;
				TEST_HOST = "$(BUILT_PRODUCTS_DIR)/MVVM.app/MVVM";
			};
			name = Release;
		};
		49535C541F519390007A8356 /* Debug */ = {
			isa = XCBuildConfiguration;
			baseConfigurationReference = 44053F02664DFD47EAECD695 /* Pods-MVVMUITests.debug.xcconfig */;
			buildSettings = {
				ALWAYS_EMBED_SWIFT_STANDARD_LIBRARIES = YES;
				INFOPLIST_FILE = MVVMUITests/Info.plist;
				LD_RUNPATH_SEARCH_PATHS = "$(inherited) @executable_path/Frameworks @loader_path/Frameworks";
				PRODUCT_BUNDLE_IDENTIFIER = co.mcmobile.MVVMUITests;
				PRODUCT_NAME = "$(TARGET_NAME)";
				SWIFT_SWIFT3_OBJC_INFERENCE = On;
				SWIFT_VERSION = 4.0;
				TEST_TARGET_NAME = MVVM;
			};
			name = Debug;
		};
		49535C551F519390007A8356 /* Release */ = {
			isa = XCBuildConfiguration;
			baseConfigurationReference = 986821CDC275D311586A01BA /* Pods-MVVMUITests.release.xcconfig */;
			buildSettings = {
				ALWAYS_EMBED_SWIFT_STANDARD_LIBRARIES = YES;
				INFOPLIST_FILE = MVVMUITests/Info.plist;
				LD_RUNPATH_SEARCH_PATHS = "$(inherited) @executable_path/Frameworks @loader_path/Frameworks";
				PRODUCT_BUNDLE_IDENTIFIER = co.mcmobile.MVVMUITests;
				PRODUCT_NAME = "$(TARGET_NAME)";
				SWIFT_SWIFT3_OBJC_INFERENCE = On;
				SWIFT_VERSION = 4.0;
				TEST_TARGET_NAME = MVVM;
			};
			name = Release;
		};
/* End XCBuildConfiguration section */

/* Begin XCConfigurationList section */
		49535C201F51938F007A8356 /* Build configuration list for PBXProject "MVVM" */ = {
			isa = XCConfigurationList;
			buildConfigurations = (
				49535C4B1F519390007A8356 /* Debug */,
				49535C4C1F519390007A8356 /* Release */,
			);
			defaultConfigurationIsVisible = 0;
			defaultConfigurationName = Release;
		};
		49535C4D1F519390007A8356 /* Build configuration list for PBXNativeTarget "MVVM" */ = {
			isa = XCConfigurationList;
			buildConfigurations = (
				49535C4E1F519390007A8356 /* Debug */,
				49535C4F1F519390007A8356 /* Release */,
			);
			defaultConfigurationIsVisible = 0;
			defaultConfigurationName = Release;
		};
		49535C501F519390007A8356 /* Build configuration list for PBXNativeTarget "MVVMTests" */ = {
			isa = XCConfigurationList;
			buildConfigurations = (
				49535C511F519390007A8356 /* Debug */,
				49535C521F519390007A8356 /* Release */,
			);
			defaultConfigurationIsVisible = 0;
			defaultConfigurationName = Release;
		};
		49535C531F519390007A8356 /* Build configuration list for PBXNativeTarget "MVVMUITests" */ = {
			isa = XCConfigurationList;
			buildConfigurations = (
				49535C541F519390007A8356 /* Debug */,
				49535C551F519390007A8356 /* Release */,
			);
			defaultConfigurationIsVisible = 0;
			defaultConfigurationName = Release;
		};
/* End XCConfigurationList section */
	};
	rootObject = 49535C1D1F51938F007A8356 /* Project object */;
}
